
Microsoft Visual Studio Solution File, Format Version 12.00
# Visual Studio Version 17
VisualStudioVersion = 17.0.31903.59
MinimumVisualStudioVersion = 10.0.40219.1
Project("{2150E333-8FDC-42A3-9474-1A3956D46DE8}") = "services", "services", "{C9208FE9-092D-4EB2-A880-AA5644C9ABA6}"
EndProject
Project("{2150E333-8FDC-42A3-9474-1A3956D46DE8}") = "admin-service", "admin-service", "{E95AC77D-55C8-4348-B08C-087AA478FCF1}"
EndProject
Project("{FAE04EC0-301F-11D3-BF4B-00C04F79EFBC}") = "Ff.Admin.Api", "services\admin-service\Ff.Admin.Api\Ff.Admin.Api.csproj", "{6E4F482B-3C44-42CF-85CC-3F2397AD5243}"
EndProject
Project("{2150E333-8FDC-42A3-9474-1A3956D46DE8}") = "economy-service", "economy-service", "{30511EEA-8538-419E-AA6C-F3035911C7C3}"
EndProject
Project("{FAE04EC0-301F-11D3-BF4B-00C04F79EFBC}") = "Ff.Economy.Api", "services\economy-service\Ff.Economy.Api\Ff.Economy.Api.csproj", "{E5D829EE-D749-4657-A6D1-FD1119ED083F}"
EndProject
Project("{2150E333-8FDC-42A3-9474-1A3956D46DE8}") = "gateway-service", "gateway-service", "{CC4AB83D-85D9-43E7-AD8A-C597FD1BB96F}"
EndProject
Project("{FAE04EC0-301F-11D3-BF4B-00C04F79EFBC}") = "Ff.Gateway.Api", "services\gateway-service\Ff.Gateway.Api\Ff.Gateway.Api.csproj", "{5519E5E2-CB33-4EC0-B45C-7F4889B5F22E}"
EndProject
Project("{2150E333-8FDC-42A3-9474-1A3956D46DE8}") = "identity-service", "identity-service", "{D51ED006-4AC2-4066-9262-28C29CF7C0AB}"
EndProject
Project("{FAE04EC0-301F-11D3-BF4B-00C04F79EFBC}") = "Ff.Identity.Api", "services\identity-service\Ff.Identity.Api\Ff.Identity.Api.csproj", "{04791568-94F6-433F-8B42-017861109F6D}"
EndProject
Project("{2150E333-8FDC-42A3-9474-1A3956D46DE8}") = "market-service", "market-service", "{DE9ABA6F-E46C-4CDD-BA33-F7FDF4777F9A}"
EndProject
Project("{FAE04EC0-301F-11D3-BF4B-00C04F79EFBC}") = "Ff.Market.Api", "services\market-service\Ff.Market.Api\Ff.Market.Api.csproj", "{75108A39-290F-439D-9110-F314759F9B57}"
EndProject
Project("{2150E333-8FDC-42A3-9474-1A3956D46DE8}") = "notification-service", "notification-service", "{E158141C-FB3D-41EF-ACCE-934C50423244}"
EndProject
Project("{FAE04EC0-301F-11D3-BF4B-00C04F79EFBC}") = "Ff.Notification.Worker", "services\notification-service\Ff.Notification.Worker\Ff.Notification.Worker.csproj", "{89ABD8C8-8E6D-4301-8CC8-CA075881B319}"
EndProject
Project("{2150E333-8FDC-42A3-9474-1A3956D46DE8}") = "player-service", "player-service", "{35AE19F9-B671-4111-96B7-EBBF26C43F7D}"
EndProject
Project("{FAE04EC0-301F-11D3-BF4B-00C04F79EFBC}") = "Ff.Player.Api", "services\player-service\Ff.Player.Api\Ff.Player.Api.csproj", "{916FBB50-F9DD-45DE-B5F0-D2AE59A1430C}"
EndProject
Project("{2150E333-8FDC-42A3-9474-1A3956D46DE8}") = "production-service", "production-service", "{D81F41CC-1589-4B9D-893C-3778E405C54C}"
EndProject
Project("{FAE04EC0-301F-11D3-BF4B-00C04F79EFBC}") = "Ff.Production.Api", "services\production-service\Ff.Production.Api\Ff.Production.Api.csproj", "{414CEC8F-BE1B-4AF0-AAD8-A7C43C845BD8}"
EndProject
Project("{2150E333-8FDC-42A3-9474-1A3956D46DE8}") = "scheduler-service", "scheduler-service", "{62C33F12-87A2-47AF-8383-E049A44D533C}"
EndProject
Project("{FAE04EC0-301F-11D3-BF4B-00C04F79EFBC}") = "Ff.Scheduler.Worker", "services\scheduler-service\Ff.Scheduler.Worker\Ff.Scheduler.Worker.csproj", "{0F62E2D9-CB03-421F-B7CC-5F9C69C0DE2D}"
EndProject
Project("{2150E333-8FDC-42A3-9474-1A3956D46DE8}") = "social-chat-service", "social-chat-service", "{60CD1357-785E-4261-BE58-8BB1213F5865}"
EndProject
Project("{FAE04EC0-301F-11D3-BF4B-00C04F79EFBC}") = "Ff.SocialChat.Api", "services\social-chat-service\Ff.SocialChat.Api\Ff.SocialChat.Api.csproj", "{82D0B297-5DC1-4807-B57E-24C9F5AED764}"
EndProject
Project("{2150E333-8FDC-42A3-9474-1A3956D46DE8}") = "world-service", "world-service", "{EF1ECBD5-C535-4387-A930-D846F63697EE}"
EndProject
Project("{FAE04EC0-301F-11D3-BF4B-00C04F79EFBC}") = "Ff.World.Api", "services\world-service\Ff.World.Api\Ff.World.Api.csproj", "{CF060511-A0AB-44B0-80A2-47573E89034B}"
EndProject
Global
	GlobalSection(SolutionConfigurationPlatforms) = preSolution
		Debug|Any CPU = Debug|Any CPU
		Release|Any CPU = Release|Any CPU
	EndGlobalSection
	GlobalSection(SolutionProperties) = preSolution
		HideSolutionNode = FALSE
	EndGlobalSection
	GlobalSection(ProjectConfigurationPlatforms) = postSolution
		{6E4F482B-3C44-42CF-85CC-3F2397AD5243}.Debug|Any CPU.ActiveCfg = Debug|Any CPU
		{6E4F482B-3C44-42CF-85CC-3F2397AD5243}.Debug|Any CPU.Build.0 = Debug|Any CPU
		{6E4F482B-3C44-42CF-85CC-3F2397AD5243}.Release|Any CPU.ActiveCfg = Release|Any CPU
		{6E4F482B-3C44-42CF-85CC-3F2397AD5243}.Release|Any CPU.Build.0 = Release|Any CPU
		{E5D829EE-D749-4657-A6D1-FD1119ED083F}.Debug|Any CPU.ActiveCfg = Debug|Any CPU
		{E5D829EE-D749-4657-A6D1-FD1119ED083F}.Debug|Any CPU.Build.0 = Debug|Any CPU
		{E5D829EE-D749-4657-A6D1-FD1119ED083F}.Release|Any CPU.ActiveCfg = Release|Any CPU
		{E5D829EE-D749-4657-A6D1-FD1119ED083F}.Release|Any CPU.Build.0 = Release|Any CPU
		{5519E5E2-CB33-4EC0-B45C-7F4889B5F22E}.Debug|Any CPU.ActiveCfg = Debug|Any CPU
		{5519E5E2-CB33-4EC0-B45C-7F4889B5F22E}.Debug|Any CPU.Build.0 = Debug|Any CPU
		{5519E5E2-CB33-4EC0-B45C-7F4889B5F22E}.Release|Any CPU.ActiveCfg = Release|Any CPU
		{5519E5E2-CB33-4EC0-B45C-7F4889B5F22E}.Release|Any CPU.Build.0 = Release|Any CPU
		{04791568-94F6-433F-8B42-017861109F6D}.Debug|Any CPU.ActiveCfg = Debug|Any CPU
		{04791568-94F6-433F-8B42-017861109F6D}.Debug|Any CPU.Build.0 = Debug|Any CPU
		{04791568-94F6-433F-8B42-017861109F6D}.Release|Any CPU.ActiveCfg = Release|Any CPU
		{04791568-94F6-433F-8B42-017861109F6D}.Release|Any CPU.Build.0 = Release|Any CPU
		{75108A39-290F-439D-9110-F314759F9B57}.Debug|Any CPU.ActiveCfg = Debug|Any CPU
		{75108A39-290F-439D-9110-F314759F9B57}.Debug|Any CPU.Build.0 = Debug|Any CPU
		{75108A39-290F-439D-9110-F314759F9B57}.Release|Any CPU.ActiveCfg = Release|Any CPU
		{75108A39-290F-439D-9110-F314759F9B57}.Release|Any CPU.Build.0 = Release|Any CPU
		{89ABD8C8-8E6D-4301-8CC8-CA075881B319}.Debug|Any CPU.ActiveCfg = Debug|Any CPU
		{89ABD8C8-8E6D-4301-8CC8-CA075881B319}.Debug|Any CPU.Build.0 = Debug|Any CPU
		{89ABD8C8-8E6D-4301-8CC8-CA075881B319}.Release|Any CPU.ActiveCfg = Release|Any CPU
		{89ABD8C8-8E6D-4301-8CC8-CA075881B319}.Release|Any CPU.Build.0 = Release|Any CPU
		{916FBB50-F9DD-45DE-B5F0-D2AE59A1430C}.Debug|Any CPU.ActiveCfg = Debug|Any CPU
		{916FBB50-F9DD-45DE-B5F0-D2AE59A1430C}.Debug|Any CPU.Build.0 = Debug|Any CPU
		{916FBB50-F9DD-45DE-B5F0-D2AE59A1430C}.Release|Any CPU.ActiveCfg = Release|Any CPU
		{916FBB50-F9DD-45DE-B5F0-D2AE59A1430C}.Release|Any CPU.Build.0 = Release|Any CPU
		{414CEC8F-BE1B-4AF0-AAD8-A7C43C845BD8}.Debug|Any CPU.ActiveCfg = Debug|Any CPU
		{414CEC8F-BE1B-4AF0-AAD8-A7C43C845BD8}.Debug|Any CPU.Build.0 = Debug|Any CPU
		{414CEC8F-BE1B-4AF0-AAD8-A7C43C845BD8}.Release|Any CPU.ActiveCfg = Release|Any CPU
		{414CEC8F-BE1B-4AF0-AAD8-A7C43C845BD8}.Release|Any CPU.Build.0 = Release|Any CPU
		{0F62E2D9-CB03-421F-B7CC-5F9C69C0DE2D}.Debug|Any CPU.ActiveCfg = Debug|Any CPU
		{0F62E2D9-CB03-421F-B7CC-5F9C69C0DE2D}.Debug|Any CPU.Build.0 = Debug|Any CPU
		{0F62E2D9-CB03-421F-B7CC-5F9C69C0DE2D}.Release|Any CPU.ActiveCfg = Release|Any CPU
		{0F62E2D9-CB03-421F-B7CC-5F9C69C0DE2D}.Release|Any CPU.Build.0 = Release|Any CPU
		{82D0B297-5DC1-4807-B57E-24C9F5AED764}.Debug|Any CPU.ActiveCfg = Debug|Any CPU
		{82D0B297-5DC1-4807-B57E-24C9F5AED764}.Debug|Any CPU.Build.0 = Debug|Any CPU
		{82D0B297-5DC1-4807-B57E-24C9F5AED764}.Release|Any CPU.ActiveCfg = Release|Any CPU
		{82D0B297-5DC1-4807-B57E-24C9F5AED764}.Release|Any CPU.Build.0 = Release|Any CPU
		{CF060511-A0AB-44B0-80A2-47573E89034B}.Debug|Any CPU.ActiveCfg = Debug|Any CPU
		{CF060511-A0AB-44B0-80A2-47573E89034B}.Debug|Any CPU.Build.0 = Debug|Any CPU
		{CF060511-A0AB-44B0-80A2-47573E89034B}.Release|Any CPU.ActiveCfg = Release|Any CPU
		{CF060511-A0AB-44B0-80A2-47573E89034B}.Release|Any CPU.Build.0 = Release|Any CPU
	EndGlobalSection
	GlobalSection(NestedProjects) = preSolution
		{E95AC77D-55C8-4348-B08C-087AA478FCF1} = {C9208FE9-092D-4EB2-A880-AA5644C9ABA6}
		{6E4F482B-3C44-42CF-85CC-3F2397AD5243} = {E95AC77D-55C8-4348-B08C-087AA478FCF1}
		{30511EEA-8538-419E-AA6C-F3035911C7C3} = {C9208FE9-092D-4EB2-A880-AA5644C9ABA6}
		{E5D829EE-D749-4657-A6D1-FD1119ED083F} = {30511EEA-8538-419E-AA6C-F3035911C7C3}
		{CC4AB83D-85D9-43E7-AD8A-C597FD1BB96F} = {C9208FE9-092D-4EB2-A880-AA5644C9ABA6}
		{5519E5E2-CB33-4EC0-B45C-7F4889B5F22E} = {CC4AB83D-85D9-43E7-AD8A-C597FD1BB96F}
		{D51ED006-4AC2-4066-9262-28C29CF7C0AB} = {C9208FE9-092D-4EB2-A880-AA5644C9ABA6}
		{04791568-94F6-433F-8B42-017861109F6D} = {D51ED006-4AC2-4066-9262-28C29CF7C0AB}
		{DE9ABA6F-E46C-4CDD-BA33-F7FDF4777F9A} = {C9208FE9-092D-4EB2-A880-AA5644C9ABA6}
		{75108A39-290F-439D-9110-F314759F9B57} = {DE9ABA6F-E46C-4CDD-BA33-F7FDF4777F9A}
		{E158141C-FB3D-41EF-ACCE-934C50423244} = {C9208FE9-092D-4EB2-A880-AA5644C9ABA6}
		{89ABD8C8-8E6D-4301-8CC8-CA075881B319} = {E158141C-FB3D-41EF-ACCE-934C50423244}
		{35AE19F9-B671-4111-96B7-EBBF26C43F7D} = {C9208FE9-092D-4EB2-A880-AA5644C9ABA6}
		{916FBB50-F9DD-45DE-B5F0-D2AE59A1430C} = {35AE19F9-B671-4111-96B7-EBBF26C43F7D}
		{D81F41CC-1589-4B9D-893C-3778E405C54C} = {C9208FE9-092D-4EB2-A880-AA5644C9ABA6}
		{414CEC8F-BE1B-4AF0-AAD8-A7C43C845BD8} = {D81F41CC-1589-4B9D-893C-3778E405C54C}
		{62C33F12-87A2-47AF-8383-E049A44D533C} = {C9208FE9-092D-4EB2-A880-AA5644C9ABA6}
		{0F62E2D9-CB03-421F-B7CC-5F9C69C0DE2D} = {62C33F12-87A2-47AF-8383-E049A44D533C}
		{60CD1357-785E-4261-BE58-8BB1213F5865} = {C9208FE9-092D-4EB2-A880-AA5644C9ABA6}
		{82D0B297-5DC1-4807-B57E-24C9F5AED764} = {60CD1357-785E-4261-BE58-8BB1213F5865}
		{EF1ECBD5-C535-4387-A930-D846F63697EE} = {C9208FE9-092D-4EB2-A880-AA5644C9ABA6}
		{CF060511-A0AB-44B0-80A2-47573E89034B} = {EF1ECBD5-C535-4387-A930-D846F63697EE}
	EndGlobalSection
EndGlobal
